
Microsoft Visual Studio Solution File, Format Version 12.00
# Visual Studio Version 17
VisualStudioVersion = 17.1.32210.238
MinimumVisualStudioVersion = 10.0.40219.1
Project("{FAE04EC0-301F-11D3-BF4B-00C04F79EFBC}") = "VolumeCalcProject", "VolumeCalcProject\VolumeCalcProject.csproj", "{67B2E368-9A52-4FBD-A301-33BB321D4CEA}"
EndProject
Global
	GlobalSection(SolutionConfigurationPlatforms) = preSolution
		Debug|Any CPU = Debug|Any CPU
		Release|Any CPU = Release|Any CPU
	EndGlobalSection
	GlobalSection(ProjectConfigurationPlatforms) = postSolution
		{67B2E368-9A52-4FBD-A301-33BB321D4CEA}.Debug|Any CPU.ActiveCfg = Debug|Any CPU
		{67B2E368-9A52-4FBD-A301-33BB321D4CEA}.Debug|Any CPU.Build.0 = Debug|Any CPU
		{67B2E368-9A52-4FBD-A301-33BB321D4CEA}.Release|Any CPU.ActiveCfg = Release|Any CPU
		{67B2E368-9A52-4FBD-A301-33BB321D4CEA}.Release|Any CPU.Build.0 = Release|Any CPU
	EndGlobalSection
	GlobalSection(SolutionProperties) = preSolution
		HideSolutionNode = FALSE
	EndGlobalSection
	GlobalSection(ExtensibilityGlobals) = postSolution
		SolutionGuid = {F7A7A15D-44CD-43AF-A3BA-7B1E448E4DD4}
	EndGlobalSection
EndGlobal
